{
  "name": "cleia",
  "version": "1.0.0",
  "lockfileVersion": 2,
  "requires": true,
  "packages": {
    "": {
      "name": "cleia",
      "version": "1.0.0",
      "license": "MIT",
      "dependencies": {
        "kleur": "^4.1.5",
        "spinnr": "^1.1.3"
      },
      "bin": {
        "cleia": "bin/index.js"
      }
    },
    "node_modules/kleur": {
      "version": "4.1.5",
      "resolved": "https://registry.npmjs.org/kleur/-/kleur-4.1.5.tgz",
      "integrity": "sha512-o+NO+8WrRiQEE4/7nwRJhN1HWpVmJm511pBHUxPLtp0BUISzlBplORYSmTclCnJvQq2tKu/sgl3xVpkc7ZWuQQ==",
      "license": "MIT",
      "engines": {
        "node": ">=6"
      }
    },
    "node_modules/spinnr": {
      "version": "1.1.3",
      "resolved": "https://registry.npmjs.org/spinnr/-/spinnr-1.1.3.tgz",
      "integrity": "sha512-kEoWOxBOvx9Uev/nkN0hCkVPmLsHVYzRYlwHsx1GO/GvR3DF2CiEFc32oG/URZvfvMnMwRPhnXAqLSSdZlB/zw==",
      "license": "ISC",
      "dependencies": {
        "kleur": "^4.1.4"
      }
    }
  },
  "dependencies": {
    "kleur": {
      "version": "4.1.5",
      "resolved": "https://registry.npmjs.org/kleur/-/kleur-4.1.5.tgz",
      "integrity": "sha512-o+NO+8WrRiQEE4/7nwRJhN1HWpVmJm511pBHUxPLtp0BUISzlBplORYSmTclCnJvQq2tKu/sgl3xVpkc7ZWuQQ=="
    },
    "spinnr": {
      "version": "1.1.3",
      "resolved": "https://registry.npmjs.org/spinnr/-/spinnr-1.1.3.tgz",
      "integrity": "sha512-kEoWOxBOvx9Uev/nkN0hCkVPmLsHVYzRYlwHsx1GO/GvR3DF2CiEFc32oG/URZvfvMnMwRPhnXAqLSSdZlB/zw==",
      "requires": {
        "kleur": "^4.1.4"
      }
    }
  }
}
